
Microsoft Visual Studio Solution File, Format Version 12.00
# Visual Studio 15
VisualStudioVersion = 15.0.26124.0
MinimumVisualStudioVersion = 15.0.26124.0
Project("{2150E333-8FDC-42A3-9474-1A3956D46DE8}") = "src", "src", "{A3A510DA-19B7-4AB6-A263-6116BD59C957}"
EndProject
Project("{FAE04EC0-301F-11D3-BF4B-00C04F79EFBC}") = "Quilt", "src\Quilt\Quilt.csproj", "{F602D8AC-15AE-4B91-8216-C1BD42E0AE74}"
EndProject
Project("{FAE04EC0-301F-11D3-BF4B-00C04F79EFBC}") = "Quilt.GL", "src\Quilt.GL\Quilt.GL.csproj", "{A80F8DF8-BF63-4996-A8D3-FE8BA21D5A21}"
EndProject
Project("{FAE04EC0-301F-11D3-BF4B-00C04F79EFBC}") = "Quilt.GLFW", "src\Quilt.GLFW\Quilt.GLFW.csproj", "{B4036DAB-29B3-4233-84C6-232527CCFB4E}"
EndProject
Project("{FAE04EC0-301F-11D3-BF4B-00C04F79EFBC}") = "Quilt.GLEW", "src\Quilt.GLEW\Quilt.GLEW.csproj", "{532546D6-46FC-4892-AA72-A91F0D7E5A95}"
EndProject
Project("{FAE04EC0-301F-11D3-BF4B-00C04F79EFBC}") = "Quilt.Util", "src\Quilt.Util\Quilt.Util.csproj", "{01E18D3B-CF07-4E8C-A9E7-21BF50D0EBD5}"
EndProject
Project("{2150E333-8FDC-42A3-9474-1A3956D46DE8}") = "examples", "examples", "{BEE98AAC-3C0A-42DA-BFA7-CD4D14AB3B86}"
EndProject
Project("{FAE04EC0-301F-11D3-BF4B-00C04F79EFBC}") = "Window", "examples\Window\Window.csproj", "{833D123F-DD41-4477-ADA0-D5B87B989D6A}"
EndProject
Global
	GlobalSection(SolutionConfigurationPlatforms) = preSolution
		Debug|Any CPU = Debug|Any CPU
		Debug|x64 = Debug|x64
		Debug|x86 = Debug|x86
		Release|Any CPU = Release|Any CPU
		Release|x64 = Release|x64
		Release|x86 = Release|x86
	EndGlobalSection
	GlobalSection(SolutionProperties) = preSolution
		HideSolutionNode = FALSE
	EndGlobalSection
	GlobalSection(ProjectConfigurationPlatforms) = postSolution
		{F602D8AC-15AE-4B91-8216-C1BD42E0AE74}.Debug|Any CPU.ActiveCfg = Debug|Any CPU
		{F602D8AC-15AE-4B91-8216-C1BD42E0AE74}.Debug|Any CPU.Build.0 = Debug|Any CPU
		{F602D8AC-15AE-4B91-8216-C1BD42E0AE74}.Debug|x64.ActiveCfg = Debug|Any CPU
		{F602D8AC-15AE-4B91-8216-C1BD42E0AE74}.Debug|x64.Build.0 = Debug|Any CPU
		{F602D8AC-15AE-4B91-8216-C1BD42E0AE74}.Debug|x86.ActiveCfg = Debug|Any CPU
		{F602D8AC-15AE-4B91-8216-C1BD42E0AE74}.Debug|x86.Build.0 = Debug|Any CPU
		{F602D8AC-15AE-4B91-8216-C1BD42E0AE74}.Release|Any CPU.ActiveCfg = Release|Any CPU
		{F602D8AC-15AE-4B91-8216-C1BD42E0AE74}.Release|Any CPU.Build.0 = Release|Any CPU
		{F602D8AC-15AE-4B91-8216-C1BD42E0AE74}.Release|x64.ActiveCfg = Release|Any CPU
		{F602D8AC-15AE-4B91-8216-C1BD42E0AE74}.Release|x64.Build.0 = Release|Any CPU
		{F602D8AC-15AE-4B91-8216-C1BD42E0AE74}.Release|x86.ActiveCfg = Release|Any CPU
		{F602D8AC-15AE-4B91-8216-C1BD42E0AE74}.Release|x86.Build.0 = Release|Any CPU
		{A80F8DF8-BF63-4996-A8D3-FE8BA21D5A21}.Debug|Any CPU.ActiveCfg = Debug|Any CPU
		{A80F8DF8-BF63-4996-A8D3-FE8BA21D5A21}.Debug|Any CPU.Build.0 = Debug|Any CPU
		{A80F8DF8-BF63-4996-A8D3-FE8BA21D5A21}.Debug|x64.ActiveCfg = Debug|Any CPU
		{A80F8DF8-BF63-4996-A8D3-FE8BA21D5A21}.Debug|x64.Build.0 = Debug|Any CPU
		{A80F8DF8-BF63-4996-A8D3-FE8BA21D5A21}.Debug|x86.ActiveCfg = Debug|Any CPU
		{A80F8DF8-BF63-4996-A8D3-FE8BA21D5A21}.Debug|x86.Build.0 = Debug|Any CPU
		{A80F8DF8-BF63-4996-A8D3-FE8BA21D5A21}.Release|Any CPU.ActiveCfg = Release|Any CPU
		{A80F8DF8-BF63-4996-A8D3-FE8BA21D5A21}.Release|Any CPU.Build.0 = Release|Any CPU
		{A80F8DF8-BF63-4996-A8D3-FE8BA21D5A21}.Release|x64.ActiveCfg = Release|Any CPU
		{A80F8DF8-BF63-4996-A8D3-FE8BA21D5A21}.Release|x64.Build.0 = Release|Any CPU
		{A80F8DF8-BF63-4996-A8D3-FE8BA21D5A21}.Release|x86.ActiveCfg = Release|Any CPU
		{A80F8DF8-BF63-4996-A8D3-FE8BA21D5A21}.Release|x86.Build.0 = Release|Any CPU
		{B4036DAB-29B3-4233-84C6-232527CCFB4E}.Debug|Any CPU.ActiveCfg = Debug|Any CPU
		{B4036DAB-29B3-4233-84C6-232527CCFB4E}.Debug|Any CPU.Build.0 = Debug|Any CPU
		{B4036DAB-29B3-4233-84C6-232527CCFB4E}.Debug|x64.ActiveCfg = Debug|Any CPU
		{B4036DAB-29B3-4233-84C6-232527CCFB4E}.Debug|x64.Build.0 = Debug|Any CPU
		{B4036DAB-29B3-4233-84C6-232527CCFB4E}.Debug|x86.ActiveCfg = Debug|Any CPU
		{B4036DAB-29B3-4233-84C6-232527CCFB4E}.Debug|x86.Build.0 = Debug|Any CPU
		{B4036DAB-29B3-4233-84C6-232527CCFB4E}.Release|Any CPU.ActiveCfg = Release|Any CPU
		{B4036DAB-29B3-4233-84C6-232527CCFB4E}.Release|Any CPU.Build.0 = Release|Any CPU
		{B4036DAB-29B3-4233-84C6-232527CCFB4E}.Release|x64.ActiveCfg = Release|Any CPU
		{B4036DAB-29B3-4233-84C6-232527CCFB4E}.Release|x64.Build.0 = Release|Any CPU
		{B4036DAB-29B3-4233-84C6-232527CCFB4E}.Release|x86.ActiveCfg = Release|Any CPU
		{B4036DAB-29B3-4233-84C6-232527CCFB4E}.Release|x86.Build.0 = Release|Any CPU
		{532546D6-46FC-4892-AA72-A91F0D7E5A95}.Debug|Any CPU.ActiveCfg = Debug|Any CPU
		{532546D6-46FC-4892-AA72-A91F0D7E5A95}.Debug|Any CPU.Build.0 = Debug|Any CPU
		{532546D6-46FC-4892-AA72-A91F0D7E5A95}.Debug|x64.ActiveCfg = Debug|Any CPU
		{532546D6-46FC-4892-AA72-A91F0D7E5A95}.Debug|x64.Build.0 = Debug|Any CPU
		{532546D6-46FC-4892-AA72-A91F0D7E5A95}.Debug|x86.ActiveCfg = Debug|Any CPU
		{532546D6-46FC-4892-AA72-A91F0D7E5A95}.Debug|x86.Build.0 = Debug|Any CPU
		{532546D6-46FC-4892-AA72-A91F0D7E5A95}.Release|Any CPU.ActiveCfg = Release|Any CPU
		{532546D6-46FC-4892-AA72-A91F0D7E5A95}.Release|Any CPU.Build.0 = Release|Any CPU
		{532546D6-46FC-4892-AA72-A91F0D7E5A95}.Release|x64.ActiveCfg = Release|Any CPU
		{532546D6-46FC-4892-AA72-A91F0D7E5A95}.Release|x64.Build.0 = Release|Any CPU
		{532546D6-46FC-4892-AA72-A91F0D7E5A95}.Release|x86.ActiveCfg = Release|Any CPU
		{532546D6-46FC-4892-AA72-A91F0D7E5A95}.Release|x86.Build.0 = Release|Any CPU
		{01E18D3B-CF07-4E8C-A9E7-21BF50D0EBD5}.Debug|Any CPU.ActiveCfg = Debug|Any CPU
		{01E18D3B-CF07-4E8C-A9E7-21BF50D0EBD5}.Debug|Any CPU.Build.0 = Debug|Any CPU
		{01E18D3B-CF07-4E8C-A9E7-21BF50D0EBD5}.Debug|x64.ActiveCfg = Debug|Any CPU
		{01E18D3B-CF07-4E8C-A9E7-21BF50D0EBD5}.Debug|x64.Build.0 = Debug|Any CPU
		{01E18D3B-CF07-4E8C-A9E7-21BF50D0EBD5}.Debug|x86.ActiveCfg = Debug|Any CPU
		{01E18D3B-CF07-4E8C-A9E7-21BF50D0EBD5}.Debug|x86.Build.0 = Debug|Any CPU
		{01E18D3B-CF07-4E8C-A9E7-21BF50D0EBD5}.Release|Any CPU.ActiveCfg = Release|Any CPU
		{01E18D3B-CF07-4E8C-A9E7-21BF50D0EBD5}.Release|Any CPU.Build.0 = Release|Any CPU
		{01E18D3B-CF07-4E8C-A9E7-21BF50D0EBD5}.Release|x64.ActiveCfg = Release|Any CPU
		{01E18D3B-CF07-4E8C-A9E7-21BF50D0EBD5}.Release|x64.Build.0 = Release|Any CPU
		{01E18D3B-CF07-4E8C-A9E7-21BF50D0EBD5}.Release|x86.ActiveCfg = Release|Any CPU
		{01E18D3B-CF07-4E8C-A9E7-21BF50D0EBD5}.Release|x86.Build.0 = Release|Any CPU
		{833D123F-DD41-4477-ADA0-D5B87B989D6A}.Debug|Any CPU.ActiveCfg = Debug|Any CPU
		{833D123F-DD41-4477-ADA0-D5B87B989D6A}.Debug|Any CPU.Build.0 = Debug|Any CPU
		{833D123F-DD41-4477-ADA0-D5B87B989D6A}.Debug|x64.ActiveCfg = Debug|Any CPU
		{833D123F-DD41-4477-ADA0-D5B87B989D6A}.Debug|x64.Build.0 = Debug|Any CPU
		{833D123F-DD41-4477-ADA0-D5B87B989D6A}.Debug|x86.ActiveCfg = Debug|Any CPU
		{833D123F-DD41-4477-ADA0-D5B87B989D6A}.Debug|x86.Build.0 = Debug|Any CPU
		{833D123F-DD41-4477-ADA0-D5B87B989D6A}.Release|Any CPU.ActiveCfg = Release|Any CPU
		{833D123F-DD41-4477-ADA0-D5B87B989D6A}.Release|Any CPU.Build.0 = Release|Any CPU
		{833D123F-DD41-4477-ADA0-D5B87B989D6A}.Release|x64.ActiveCfg = Release|Any CPU
		{833D123F-DD41-4477-ADA0-D5B87B989D6A}.Release|x64.Build.0 = Release|Any CPU
		{833D123F-DD41-4477-ADA0-D5B87B989D6A}.Release|x86.ActiveCfg = Release|Any CPU
		{833D123F-DD41-4477-ADA0-D5B87B989D6A}.Release|x86.Build.0 = Release|Any CPU
	EndGlobalSection
	GlobalSection(NestedProjects) = preSolution
		{F602D8AC-15AE-4B91-8216-C1BD42E0AE74} = {A3A510DA-19B7-4AB6-A263-6116BD59C957}
		{A80F8DF8-BF63-4996-A8D3-FE8BA21D5A21} = {A3A510DA-19B7-4AB6-A263-6116BD59C957}
		{B4036DAB-29B3-4233-84C6-232527CCFB4E} = {A3A510DA-19B7-4AB6-A263-6116BD59C957}
		{532546D6-46FC-4892-AA72-A91F0D7E5A95} = {A3A510DA-19B7-4AB6-A263-6116BD59C957}
		{01E18D3B-CF07-4E8C-A9E7-21BF50D0EBD5} = {A3A510DA-19B7-4AB6-A263-6116BD59C957}
		{833D123F-DD41-4477-ADA0-D5B87B989D6A} = {BEE98AAC-3C0A-42DA-BFA7-CD4D14AB3B86}
	EndGlobalSection
EndGlobal
